
Microsoft Visual Studio Solution File, Format Version 12.00
# Visual Studio 15
VisualStudioVersion = 15.0.28307.168
MinimumVisualStudioVersion = 10.0.40219.1
Project("{FAE04EC0-301F-11D3-BF4B-00C04F79EFBC}") = "Lexicographer", "Lexicographer\Lexicographer.csproj", "{2C66FB2F-328D-4660-9685-892385B97BE8}"
EndProject
Global
	GlobalSection(SolutionConfigurationPlatforms) = preSolution
		Debug|Any CPU = Debug|Any CPU
		Release|Any CPU = Release|Any CPU
	EndGlobalSection
	GlobalSection(ProjectConfigurationPlatforms) = postSolution
		{2C66FB2F-328D-4660-9685-892385B97BE8}.Debug|Any CPU.ActiveCfg = Debug|Any CPU
		{2C66FB2F-328D-4660-9685-892385B97BE8}.Debug|Any CPU.Build.0 = Debug|Any CPU
		{2C66FB2F-328D-4660-9685-892385B97BE8}.Release|Any CPU.ActiveCfg = Release|Any CPU
		{2C66FB2F-328D-4660-9685-892385B97BE8}.Release|Any CPU.Build.0 = Release|Any CPU
	EndGlobalSection
	GlobalSection(SolutionProperties) = preSolution
		HideSolutionNode = FALSE
	EndGlobalSection
	GlobalSection(ExtensibilityGlobals) = postSolution
		SolutionGuid = {982B9B65-5D0A-498C-87B4-D38670CAEB10}
	EndGlobalSection
EndGlobal
